
Microsoft Visual Studio Solution File, Format Version 12.00
# Visual Studio Version 17
VisualStudioVersion = 17.4.33205.214
MinimumVisualStudioVersion = 10.0.40219.1
Project("{9A19103F-16F7-4668-BE54-9A1E7A4F7556}") = "BillsWebApi", "BillsWebApi\BillsWebApi.csproj", "{5A1E870A-A01A-4E33-AC0E-DBEA984B65D9}"
EndProject
Project("{9A19103F-16F7-4668-BE54-9A1E7A4F7556}") = "Bill.Application", "Bill.Application\Bill.Application.csproj", "{DB0B7EF2-4608-4006-9F36-F267B14FC35C}"
EndProject
Project("{9A19103F-16F7-4668-BE54-9A1E7A4F7556}") = "Bill.Domain", "Bill.Domain\Bill.Domain.csproj", "{7AB38599-AA4E-4353-BA56-FB1AB0830FCD}"
EndProject
Project("{9A19103F-16F7-4668-BE54-9A1E7A4F7556}") = "Bill.Infrastructure", "Bill.Infrastructure\Bill.Infrastructure.csproj", "{F6B075BC-B8EE-468A-8038-39EEF8833AA6}"
EndProject
Project("{FAE04EC0-301F-11D3-BF4B-00C04F79EFBC}") = "BillsWebApi.Tests", "BillsWebApi.Tests\BillsWebApi.Tests.csproj", "{A85F6F62-D423-49F9-8D4B-D437485B4238}"
EndProject
Global
	GlobalSection(SolutionConfigurationPlatforms) = preSolution
		Debug|Any CPU = Debug|Any CPU
		Release|Any CPU = Release|Any CPU
	EndGlobalSection
	GlobalSection(ProjectConfigurationPlatforms) = postSolution
		{5A1E870A-A01A-4E33-AC0E-DBEA984B65D9}.Debug|Any CPU.ActiveCfg = Debug|Any CPU
		{5A1E870A-A01A-4E33-AC0E-DBEA984B65D9}.Debug|Any CPU.Build.0 = Debug|Any CPU
		{5A1E870A-A01A-4E33-AC0E-DBEA984B65D9}.Release|Any CPU.ActiveCfg = Release|Any CPU
		{5A1E870A-A01A-4E33-AC0E-DBEA984B65D9}.Release|Any CPU.Build.0 = Release|Any CPU
		{DB0B7EF2-4608-4006-9F36-F267B14FC35C}.Debug|Any CPU.ActiveCfg = Debug|Any CPU
		{DB0B7EF2-4608-4006-9F36-F267B14FC35C}.Debug|Any CPU.Build.0 = Debug|Any CPU
		{DB0B7EF2-4608-4006-9F36-F267B14FC35C}.Release|Any CPU.ActiveCfg = Release|Any CPU
		{DB0B7EF2-4608-4006-9F36-F267B14FC35C}.Release|Any CPU.Build.0 = Release|Any CPU
		{7AB38599-AA4E-4353-BA56-FB1AB0830FCD}.Debug|Any CPU.ActiveCfg = Debug|Any CPU
		{7AB38599-AA4E-4353-BA56-FB1AB0830FCD}.Debug|Any CPU.Build.0 = Debug|Any CPU
		{7AB38599-AA4E-4353-BA56-FB1AB0830FCD}.Release|Any CPU.ActiveCfg = Release|Any CPU
		{7AB38599-AA4E-4353-BA56-FB1AB0830FCD}.Release|Any CPU.Build.0 = Release|Any CPU
		{F6B075BC-B8EE-468A-8038-39EEF8833AA6}.Debug|Any CPU.ActiveCfg = Debug|Any CPU
		{F6B075BC-B8EE-468A-8038-39EEF8833AA6}.Debug|Any CPU.Build.0 = Debug|Any CPU
		{F6B075BC-B8EE-468A-8038-39EEF8833AA6}.Release|Any CPU.ActiveCfg = Release|Any CPU
		{F6B075BC-B8EE-468A-8038-39EEF8833AA6}.Release|Any CPU.Build.0 = Release|Any CPU
		{A85F6F62-D423-49F9-8D4B-D437485B4238}.Debug|Any CPU.ActiveCfg = Debug|Any CPU
		{A85F6F62-D423-49F9-8D4B-D437485B4238}.Debug|Any CPU.Build.0 = Debug|Any CPU
		{A85F6F62-D423-49F9-8D4B-D437485B4238}.Release|Any CPU.ActiveCfg = Release|Any CPU
		{A85F6F62-D423-49F9-8D4B-D437485B4238}.Release|Any CPU.Build.0 = Release|Any CPU
	EndGlobalSection
	GlobalSection(SolutionProperties) = preSolution
		HideSolutionNode = FALSE
	EndGlobalSection
	GlobalSection(ExtensibilityGlobals) = postSolution
		SolutionGuid = {BE0C6841-69B1-4B49-A46F-ED8224389F04}
	EndGlobalSection
EndGlobal
